<?xml version="1.0" encoding="UTF-8" standalone="yes" ?>
<CodeBlocks_project_file>
	<FileVersion major="1" minor="6" />
	<Project>
		<Option title="goddessSort" />
		<Option makefile_is_custom="1" />
		<Option pch_mode="2" />
		<Option compiler="gcc" />
		<Build>
			<Target title="Debug">
				<Option output="goddessSort" prefix_auto="1" extension_auto="1" />
				<Option object_output="obj/" />
				<Option type="1" />
				<Option compiler="gcc" />
				<Compiler>
					<Add option="-g" />
				</Compiler>
				<MakeCommands>
					<Build command="$make -f $makefile $target PROF_FLAG=-O1" />
					<CompileFile command="$make -f $makefile $file" />
					<Clean command="$make -f $makefile clean" />
					<DistClean command="$make -f $makefile distclean$target" />
					<AskRebuildNeeded command="$make -q -f $makefile PROF_FLAG=-O1" />
					<SilentBuild command="$make -f $makefile $target PROF_FLAG=-O1 &gt; $(CMD_NULL)" />
				</MakeCommands>
			</Target>
			<Target title="Profile">
				<Option output="goddessSort" prefix_auto="0" extension_auto="0" />
				<Option type="1" />
				<Option compiler="gcc" />
				<Option use_console_runner="0" />
				<MakeCommands>
					<Build command="$make -f $makefile PROF_FLAG=-pg" />
					<CompileFile command="$make -f $makefile PROF_FLAG=-pg" />
					<Clean command="$make -f $makefile clean" />
					<DistClean command="$make -f $makefile distclean$target" />
					<AskRebuildNeeded command="$make -q -f $makefile PROF_FLAG=-pg" />
					<SilentBuild command="$make -f $makefile PROF_FLAG=-pg &gt; $(CMD_NULL)" />
				</MakeCommands>
			</Target>
		</Build>
		<Compiler>
			<Add option="-Wall" />
		</Compiler>
		<Unit filename="Makefile" />
		<Unit filename="config.json">
			<Option target="Debug" />
		</Unit>
		<Unit filename="include/Calibrations.h" />
		<Unit filename="include/Defines.h" />
		<Unit filename="include/GRETINA.h" />
		<Unit filename="include/GRETINAWavefunction.h" />
		<Unit filename="include/Globals.h" />
		<Unit filename="include/Histos.h" />
		<Unit filename="include/INLCorrection.h" />
		<Unit filename="include/LinkDefGRETINA.h" />
		<Unit filename="include/LinkDefS800.h" />
		<Unit filename="include/LinkDefTrack.h" />
		<Unit filename="include/ProcessBB10.h" />
		<Unit filename="include/ProcessIC.h" />
		<Unit filename="include/ProcessQQQ5.h" />
		<Unit filename="include/ProcessSX3.h" />
		<Unit filename="include/RunList.h" />
		<Unit filename="include/S800Definitions.h" />
		<Unit filename="include/S800Dict.h" />
		<Unit filename="include/S800Functions.h" />
		<Unit filename="include/S800Parameters.h" />
		<Unit filename="include/S800Physics.h" />
		<Unit filename="include/SortingStructures.h" />
		<Unit filename="include/Track.h" />
		<Unit filename="include/Tree.h" />
		<Unit filename="include/TypeDef.h" />
		<Unit filename="include/Unpack.h" />
		<Unit filename="include/UnpackGRETINA.h" />
		<Unit filename="include/UnpackGRETINARaw.h" />
		<Unit filename="include/UnpackORRUBA.h" />
		<Unit filename="include/UnpackUtilities.h" />
		<Unit filename="include/Utilities.h" />
		<Unit filename="include/colors.h" />
		<Unit filename="include/json/json-forwards.h" />
		<Unit filename="include/json/json.h" />
		<Unit filename="src/Calibrations.cpp" />
		<Unit filename="src/G3Waveform.cpp" />
		<Unit filename="src/GRETINA.cpp" />
		<Unit filename="src/GRETINAWavefunction.cpp" />
		<Unit filename="src/Globals.cpp" />
		<Unit filename="src/Histos.cpp" />
		<Unit filename="src/INLCorrection.cpp" />
		<Unit filename="src/ProcessBB10.cpp" />
		<Unit filename="src/ProcessIC.cpp" />
		<Unit filename="src/ProcessQQQ5.cpp" />
		<Unit filename="src/ProcessSX3.cpp" />
		<Unit filename="src/RunList.cpp" />
		<Unit filename="src/S800Functions.cpp" />
		<Unit filename="src/S800Parameters.cpp" />
		<Unit filename="src/S800Physics.cpp" />
		<Unit filename="src/SortingStructures.cpp" />
		<Unit filename="src/SuperPulse.cpp" />
		<Unit filename="src/Track.cpp" />
		<Unit filename="src/Unpack.cpp" />
		<Unit filename="src/UnpackGRETINA.cpp" />
		<Unit filename="src/UnpackGRETINARaw.cpp" />
		<Unit filename="src/UnpackORRUBA.cpp" />
		<Unit filename="src/UnpackUtilities.cpp" />
		<Unit filename="src/Unpack_original.cpp" />
		<Unit filename="src/Utilities.cpp" />
		<Unit filename="src/hfc/GEB_HFC.cpp" />
		<Unit filename="src/hfc/HFC.cpp" />
		<Unit filename="src/hfc/HFC.h" />
		<Unit filename="src/hfc/global.h" />
		<Unit filename="src/jsoncpp.cpp" />
		<Extensions>
			<code_completion>
				<search_path add="/opt/root-6.28.06/bin/" />
			</code_completion>
		</Extensions>
	</Project>
</CodeBlocks_project_file>
